
Microsoft Visual Studio Solution File, Format Version 12.00
# Visual Studio Version 16
VisualStudioVersion = 16.0.30406.217
MinimumVisualStudioVersion = 10.0.40219.1
Project("{FAE04EC0-301F-11D3-BF4B-00C04F79EFBC}") = "Employees", "Employees\Employees.csproj", "{93206D88-0C3D-47A2-8B35-5CA8713E87AA}"
EndProject
Global
	GlobalSection(SolutionConfigurationPlatforms) = preSolution
		Debug|Any CPU = Debug|Any CPU
		Release|Any CPU = Release|Any CPU
	EndGlobalSection
	GlobalSection(ProjectConfigurationPlatforms) = postSolution
		{93206D88-0C3D-47A2-8B35-5CA8713E87AA}.Debug|Any CPU.ActiveCfg = Debug|Any CPU
		{93206D88-0C3D-47A2-8B35-5CA8713E87AA}.Debug|Any CPU.Build.0 = Debug|Any CPU
		{93206D88-0C3D-47A2-8B35-5CA8713E87AA}.Release|Any CPU.ActiveCfg = Release|Any CPU
		{93206D88-0C3D-47A2-8B35-5CA8713E87AA}.Release|Any CPU.Build.0 = Release|Any CPU
	EndGlobalSection
	GlobalSection(SolutionProperties) = preSolution
		HideSolutionNode = FALSE
	EndGlobalSection
	GlobalSection(ExtensibilityGlobals) = postSolution
		SolutionGuid = {8D451280-0DF9-469B-B8CB-7C203A930FE8}
	EndGlobalSection
EndGlobal
